
Microsoft Visual Studio Solution File, Format Version 12.00
# Visual Studio 15
VisualStudioVersion = 15.0.28307.572
MinimumVisualStudioVersion = 10.0.40219.1
Project("{FAE04EC0-301F-11D3-BF4B-00C04F79EFBC}") = "COMP2084-lab1", "COMP2084-lab1\COMP2084-lab1.csproj", "{6802D851-DA47-4C04-A7CE-D9FA063D3AAA}"
EndProject
Global
	GlobalSection(SolutionConfigurationPlatforms) = preSolution
		Debug|Any CPU = Debug|Any CPU
		Release|Any CPU = Release|Any CPU
	EndGlobalSection
	GlobalSection(ProjectConfigurationPlatforms) = postSolution
		{6802D851-DA47-4C04-A7CE-D9FA063D3AAA}.Debug|Any CPU.ActiveCfg = Debug|Any CPU
		{6802D851-DA47-4C04-A7CE-D9FA063D3AAA}.Debug|Any CPU.Build.0 = Debug|Any CPU
		{6802D851-DA47-4C04-A7CE-D9FA063D3AAA}.Release|Any CPU.ActiveCfg = Release|Any CPU
		{6802D851-DA47-4C04-A7CE-D9FA063D3AAA}.Release|Any CPU.Build.0 = Release|Any CPU
	EndGlobalSection
	GlobalSection(SolutionProperties) = preSolution
		HideSolutionNode = FALSE
	EndGlobalSection
	GlobalSection(ExtensibilityGlobals) = postSolution
		SolutionGuid = {804EC4DC-1AE5-4B4A-9D7C-FB99FCE2A457}
	EndGlobalSection
EndGlobal
